
Microsoft Visual Studio Solution File, Format Version 12.00
Project("{2150E333-8FDC-42A3-9474-1A3956D46DE8}") = "src", "src", "{DB8D4F10-AFBB-4546-97B3-BF584CAAE8C5}"
EndProject
Project("{2150E333-8FDC-42A3-9474-1A3956D46DE8}") = "test", "test", "{6B5F016F-A638-4F06-B97F-EA821DEC94D7}"
EndProject
Project("{FAE04EC0-301F-11D3-BF4B-00C04F79EFBC}") = "Pablo.PersonalSite.Web.Api", "src\Pablo.PersonalSite.Web.Api\Pablo.PersonalSite.Web.Api.csproj", "{B4809AEC-B385-4C5E-A38A-CC33246800E6}"
EndProject
Project("{FAE04EC0-301F-11D3-BF4B-00C04F79EFBC}") = "Pablo.PersonalSite.Web.Api.Unit.Test", "test\Pablo.PersonalSite.Web.Api.Unit.Test\Pablo.PersonalSite.Web.Api.Unit.Test.csproj", "{0B880006-AF63-47E2-8107-F02739EB6D37}"
EndProject
Project("{FAE04EC0-301F-11D3-BF4B-00C04F79EFBC}") = "Pablo.PersonalSite.Domain", "src\Pablo.PersonalSite.Domain\Pablo.PersonalSite.Domain.csproj", "{90E83F1D-FD6A-474C-A99B-546310ED6BFD}"
EndProject
Project("{FAE04EC0-301F-11D3-BF4B-00C04F79EFBC}") = "Pablo.PersonalSite.Persistence", "src\Pablo.PersonalSite.Persistence\Pablo.PersonalSite.Persistence.csproj", "{74712F45-D10B-4EC7-AEA5-AD7CB44BFEC2}"
EndProject
Global
	GlobalSection(SolutionConfigurationPlatforms) = preSolution
		Debug|Any CPU = Debug|Any CPU
		Release|Any CPU = Release|Any CPU
	EndGlobalSection
	GlobalSection(ProjectConfigurationPlatforms) = postSolution
		{B4809AEC-B385-4C5E-A38A-CC33246800E6}.Debug|Any CPU.ActiveCfg = Debug|Any CPU
		{B4809AEC-B385-4C5E-A38A-CC33246800E6}.Debug|Any CPU.Build.0 = Debug|Any CPU
		{B4809AEC-B385-4C5E-A38A-CC33246800E6}.Release|Any CPU.ActiveCfg = Release|Any CPU
		{B4809AEC-B385-4C5E-A38A-CC33246800E6}.Release|Any CPU.Build.0 = Release|Any CPU
		{0B880006-AF63-47E2-8107-F02739EB6D37}.Debug|Any CPU.ActiveCfg = Debug|Any CPU
		{0B880006-AF63-47E2-8107-F02739EB6D37}.Debug|Any CPU.Build.0 = Debug|Any CPU
		{0B880006-AF63-47E2-8107-F02739EB6D37}.Release|Any CPU.ActiveCfg = Release|Any CPU
		{0B880006-AF63-47E2-8107-F02739EB6D37}.Release|Any CPU.Build.0 = Release|Any CPU
		{90E83F1D-FD6A-474C-A99B-546310ED6BFD}.Debug|Any CPU.ActiveCfg = Debug|Any CPU
		{90E83F1D-FD6A-474C-A99B-546310ED6BFD}.Debug|Any CPU.Build.0 = Debug|Any CPU
		{90E83F1D-FD6A-474C-A99B-546310ED6BFD}.Release|Any CPU.ActiveCfg = Release|Any CPU
		{90E83F1D-FD6A-474C-A99B-546310ED6BFD}.Release|Any CPU.Build.0 = Release|Any CPU
		{74712F45-D10B-4EC7-AEA5-AD7CB44BFEC2}.Debug|Any CPU.ActiveCfg = Debug|Any CPU
		{74712F45-D10B-4EC7-AEA5-AD7CB44BFEC2}.Debug|Any CPU.Build.0 = Debug|Any CPU
		{74712F45-D10B-4EC7-AEA5-AD7CB44BFEC2}.Release|Any CPU.ActiveCfg = Release|Any CPU
		{74712F45-D10B-4EC7-AEA5-AD7CB44BFEC2}.Release|Any CPU.Build.0 = Release|Any CPU
	EndGlobalSection
	GlobalSection(NestedProjects) = preSolution
		{B4809AEC-B385-4C5E-A38A-CC33246800E6} = {DB8D4F10-AFBB-4546-97B3-BF584CAAE8C5}
		{0B880006-AF63-47E2-8107-F02739EB6D37} = {6B5F016F-A638-4F06-B97F-EA821DEC94D7}
		{90E83F1D-FD6A-474C-A99B-546310ED6BFD} = {DB8D4F10-AFBB-4546-97B3-BF584CAAE8C5}
		{74712F45-D10B-4EC7-AEA5-AD7CB44BFEC2} = {DB8D4F10-AFBB-4546-97B3-BF584CAAE8C5}
	EndGlobalSection
EndGlobal
